
Microsoft Visual Studio Solution File, Format Version 12.00
# Visual Studio Version 17
VisualStudioVersion = 17.14.36518.9
MinimumVisualStudioVersion = 10.0.40219.1
Project("{FAE04EC0-301F-11D3-BF4B-00C04F79EFBC}") = "DapperProject", "DapperProject\DapperProject.csproj", "{C5C81A48-0E09-4CBD-B21A-6AC87ECDB15E}"
EndProject
Global
	GlobalSection(SolutionConfigurationPlatforms) = preSolution
		Debug|Any CPU = Debug|Any CPU
		Release|Any CPU = Release|Any CPU
	EndGlobalSection
	GlobalSection(ProjectConfigurationPlatforms) = postSolution
		{C5C81A48-0E09-4CBD-B21A-6AC87ECDB15E}.Debug|Any CPU.ActiveCfg = Debug|Any CPU
		{C5C81A48-0E09-4CBD-B21A-6AC87ECDB15E}.Debug|Any CPU.Build.0 = Debug|Any CPU
		{C5C81A48-0E09-4CBD-B21A-6AC87ECDB15E}.Release|Any CPU.ActiveCfg = Release|Any CPU
		{C5C81A48-0E09-4CBD-B21A-6AC87ECDB15E}.Release|Any CPU.Build.0 = Release|Any CPU
	EndGlobalSection
	GlobalSection(SolutionProperties) = preSolution
		HideSolutionNode = FALSE
	EndGlobalSection
	GlobalSection(ExtensibilityGlobals) = postSolution
		SolutionGuid = {DF092365-0C3F-4A35-B5B1-0F44787E5B9D}
	EndGlobalSection
EndGlobal
